// !$*UTF8*$!
{
	archiveVersion = 1;
	classes = {
	};
	objectVersion = 48;
	objects = {

/* Begin PBXBuildFile section */
		2C72C5042073B88500C300B2 /* TabBarViewController.swift in Sources */ = {isa = PBXBuildFile; fileRef = 2C72C5032073B88500C300B2 /* TabBarViewController.swift */; };
		2C8BB467207424A800711675 /* SettingsTableViewController.swift in Sources */ = {isa = PBXBuildFile; fileRef = 2C8BB466207424A800711675 /* SettingsTableViewController.swift */; };
		9F5339FB207C80940074AC50 /* FeedViewController.storyboard in Resources */ = {isa = PBXBuildFile; fileRef = 9F5339F5207C80940074AC50 /* FeedViewController.storyboard */; };
		9F5339FC207C80940074AC50 /* FeedPresenter.swift in Sources */ = {isa = PBXBuildFile; fileRef = 9F5339F8207C80940074AC50 /* FeedPresenter.swift */; };
		9F5339FD207C80940074AC50 /* FeedTableViewController.swift in Sources */ = {isa = PBXBuildFile; fileRef = 9F5339F9207C80940074AC50 /* FeedTableViewController.swift */; };
		9F5339FE207C80940074AC50 /* FeedViewIO.swift in Sources */ = {isa = PBXBuildFile; fileRef = 9F5339FA207C80940074AC50 /* FeedViewIO.swift */; };
		9F533A00207C80AA0074AC50 /* FeedCells.swift in Sources */ = {isa = PBXBuildFile; fileRef = 9F5339FF207C80AA0074AC50 /* FeedCells.swift */; };
		FA071B9D206ED9F700359F13 /* InitialViewController.swift in Sources */ = {isa = PBXBuildFile; fileRef = FA071B9C206ED9F700359F13 /* InitialViewController.swift */; };
		FA071B9F206EDA8E00359F13 /* InitialPresenter.swift in Sources */ = {isa = PBXBuildFile; fileRef = FA071B9E206EDA8E00359F13 /* InitialPresenter.swift */; };
		FA2D6F44207636F5002E3414 /* InitialViewIO.swift in Sources */ = {isa = PBXBuildFile; fileRef = FA2D6F43207636F5002E3414 /* InitialViewIO.swift */; };
		FA2D6F4620763B98002E3414 /* InitialViewController.storyboard in Resources */ = {isa = PBXBuildFile; fileRef = FA2D6F4520763B98002E3414 /* InitialViewController.storyboard */; };
		FA2D6F4820763BFA002E3414 /* TabBarViewController.storyboard in Resources */ = {isa = PBXBuildFile; fileRef = FA2D6F4720763BFA002E3414 /* TabBarViewController.storyboard */; };
		FA2D6F4C20763C4B002E3414 /* BlogViewController.storyboard in Resources */ = {isa = PBXBuildFile; fileRef = FA2D6F4B20763C4B002E3414 /* BlogViewController.storyboard */; };
		FA2D6F4E20763C8B002E3414 /* AddNoteViewController.storyboard in Resources */ = {isa = PBXBuildFile; fileRef = FA2D6F4D20763C8B002E3414 /* AddNoteViewController.storyboard */; };
		FA2D6F5020763CBE002E3414 /* SettingsViewController.storyboard in Resources */ = {isa = PBXBuildFile; fileRef = FA2D6F4F20763CBE002E3414 /* SettingsViewController.storyboard */; };
		FA2D6F5420764F7E002E3414 /* TabBarViewIO.swift in Sources */ = {isa = PBXBuildFile; fileRef = FA2D6F5320764F7E002E3414 /* TabBarViewIO.swift */; };
		FA2D6F5820764FA7002E3414 /* BlogViewIO.swift in Sources */ = {isa = PBXBuildFile; fileRef = FA2D6F5720764FA7002E3414 /* BlogViewIO.swift */; };
		FA2D6F5A20764FC4002E3414 /* AddNoteViewIO.swift in Sources */ = {isa = PBXBuildFile; fileRef = FA2D6F5920764FC4002E3414 /* AddNoteViewIO.swift */; };
		FA2D6F5C20764FD2002E3414 /* SettingsViewIO.swift in Sources */ = {isa = PBXBuildFile; fileRef = FA2D6F5B20764FD2002E3414 /* SettingsViewIO.swift */; };
		FA2D6F5E2076577E002E3414 /* SettingsPresenter.swift in Sources */ = {isa = PBXBuildFile; fileRef = FA2D6F5D2076577E002E3414 /* SettingsPresenter.swift */; };
		FA8FBA4A20713C420029E430 /* ArticleItem.swift in Sources */ = {isa = PBXBuildFile; fileRef = FA8FBA4920713C420029E430 /* ArticleItem.swift */; };
		FA8FBA4C207147A10029E430 /* URLValidator.swift in Sources */ = {isa = PBXBuildFile; fileRef = FA8FBA4B207147A10029E430 /* URLValidator.swift */; };
		FADFC2E3206C5AFC000BECFD /* AppDelegate.swift in Sources */ = {isa = PBXBuildFile; fileRef = FADFC2E2206C5AFC000BECFD /* AppDelegate.swift */; };
		FADFC2EA206C5AFC000BECFD /* Assets.xcassets in Resources */ = {isa = PBXBuildFile; fileRef = FADFC2E9206C5AFC000BECFD /* Assets.xcassets */; };
		FADFC2ED206C5AFC000BECFD /* LaunchScreen.storyboard in Resources */ = {isa = PBXBuildFile; fileRef = FADFC2EB206C5AFC000BECFD /* LaunchScreen.storyboard */; };
		FADFC2FC206C6BD2000BECFD /* BlogTableViewController.swift in Sources */ = {isa = PBXBuildFile; fileRef = FADFC2FB206C6BD2000BECFD /* BlogTableViewController.swift */; };
		FADFC2FE206C6C03000BECFD /* FeedParser.swift in Sources */ = {isa = PBXBuildFile; fileRef = FADFC2FD206C6C03000BECFD /* FeedParser.swift */; };
		FAF09B64206C762800B74B73 /* AddNoteViewController.swift in Sources */ = {isa = PBXBuildFile; fileRef = FAF09B63206C762800B74B73 /* AddNoteViewController.swift */; };
/* End PBXBuildFile section */

/* Begin PBXFileReference section */
		2C72C5032073B88500C300B2 /* TabBarViewController.swift */ = {isa = PBXFileReference; lastKnownFileType = sourcecode.swift; path = TabBarViewController.swift; sourceTree = "<group>"; };
		2C8BB466207424A800711675 /* SettingsTableViewController.swift */ = {isa = PBXFileReference; lastKnownFileType = sourcecode.swift; path = SettingsTableViewController.swift; sourceTree = "<group>"; };
		9F5339F5207C80940074AC50 /* FeedViewController.storyboard */ = {isa = PBXFileReference; fileEncoding = 4; lastKnownFileType = file.storyboard; path = FeedViewController.storyboard; sourceTree = "<group>"; };
		9F5339F8207C80940074AC50 /* FeedPresenter.swift */ = {isa = PBXFileReference; fileEncoding = 4; lastKnownFileType = sourcecode.swift; path = FeedPresenter.swift; sourceTree = "<group>"; };
		9F5339F9207C80940074AC50 /* FeedTableViewController.swift */ = {isa = PBXFileReference; fileEncoding = 4; lastKnownFileType = sourcecode.swift; path = FeedTableViewController.swift; sourceTree = "<group>"; };
		9F5339FA207C80940074AC50 /* FeedViewIO.swift */ = {isa = PBXFileReference; fileEncoding = 4; lastKnownFileType = sourcecode.swift; path = FeedViewIO.swift; sourceTree = "<group>"; };
		9F5339FF207C80AA0074AC50 /* FeedCells.swift */ = {isa = PBXFileReference; lastKnownFileType = sourcecode.swift; path = FeedCells.swift; sourceTree = "<group>"; };
		FA071B9C206ED9F700359F13 /* InitialViewController.swift */ = {isa = PBXFileReference; lastKnownFileType = sourcecode.swift; path = InitialViewController.swift; sourceTree = "<group>"; };
		FA071B9E206EDA8E00359F13 /* InitialPresenter.swift */ = {isa = PBXFileReference; lastKnownFileType = sourcecode.swift; path = InitialPresenter.swift; sourceTree = "<group>"; };
		FA2D6F43207636F5002E3414 /* InitialViewIO.swift */ = {isa = PBXFileReference; fileEncoding = 4; lastKnownFileType = sourcecode.swift; path = InitialViewIO.swift; sourceTree = "<group>"; };
		FA2D6F4520763B98002E3414 /* InitialViewController.storyboard */ = {isa = PBXFileReference; lastKnownFileType = file.storyboard; path = InitialViewController.storyboard; sourceTree = "<group>"; };
		FA2D6F4720763BFA002E3414 /* TabBarViewController.storyboard */ = {isa = PBXFileReference; lastKnownFileType = file.storyboard; path = TabBarViewController.storyboard; sourceTree = "<group>"; };
		FA2D6F4B20763C4B002E3414 /* BlogViewController.storyboard */ = {isa = PBXFileReference; lastKnownFileType = file.storyboard; path = BlogViewController.storyboard; sourceTree = "<group>"; };
		FA2D6F4D20763C8B002E3414 /* AddNoteViewController.storyboard */ = {isa = PBXFileReference; lastKnownFileType = file.storyboard; path = AddNoteViewController.storyboard; sourceTree = "<group>"; };
		FA2D6F4F20763CBE002E3414 /* SettingsViewController.storyboard */ = {isa = PBXFileReference; lastKnownFileType = file.storyboard; path = SettingsViewController.storyboard; sourceTree = "<group>"; };
		FA2D6F5320764F7E002E3414 /* TabBarViewIO.swift */ = {isa = PBXFileReference; lastKnownFileType = sourcecode.swift; path = TabBarViewIO.swift; sourceTree = "<group>"; };
		FA2D6F5720764FA7002E3414 /* BlogViewIO.swift */ = {isa = PBXFileReference; lastKnownFileType = sourcecode.swift; path = BlogViewIO.swift; sourceTree = "<group>"; };
		FA2D6F5920764FC4002E3414 /* AddNoteViewIO.swift */ = {isa = PBXFileReference; lastKnownFileType = sourcecode.swift; path = AddNoteViewIO.swift; sourceTree = "<group>"; };
		FA2D6F5B20764FD2002E3414 /* SettingsViewIO.swift */ = {isa = PBXFileReference; lastKnownFileType = sourcecode.swift; path = SettingsViewIO.swift; sourceTree = "<group>"; };
		FA2D6F5D2076577E002E3414 /* SettingsPresenter.swift */ = {isa = PBXFileReference; lastKnownFileType = sourcecode.swift; path = SettingsPresenter.swift; sourceTree = "<group>"; };
		FA8FBA4920713C420029E430 /* ArticleItem.swift */ = {isa = PBXFileReference; lastKnownFileType = sourcecode.swift; path = ArticleItem.swift; sourceTree = "<group>"; };
		FA8FBA4B207147A10029E430 /* URLValidator.swift */ = {isa = PBXFileReference; lastKnownFileType = sourcecode.swift; path = URLValidator.swift; sourceTree = "<group>"; };
		FADFC2DF206C5AFC000BECFD /* Splash.app */ = {isa = PBXFileReference; explicitFileType = wrapper.application; includeInIndex = 0; path = Splash.app; sourceTree = BUILT_PRODUCTS_DIR; };
		FADFC2E2206C5AFC000BECFD /* AppDelegate.swift */ = {isa = PBXFileReference; lastKnownFileType = sourcecode.swift; path = AppDelegate.swift; sourceTree = "<group>"; };
		FADFC2E9206C5AFC000BECFD /* Assets.xcassets */ = {isa = PBXFileReference; lastKnownFileType = folder.assetcatalog; path = Assets.xcassets; sourceTree = "<group>"; };
		FADFC2EC206C5AFC000BECFD /* Base */ = {isa = PBXFileReference; lastKnownFileType = file.storyboard; name = Base; path = Base.lproj/LaunchScreen.storyboard; sourceTree = "<group>"; };
		FADFC2EE206C5AFC000BECFD /* Info.plist */ = {isa = PBXFileReference; lastKnownFileType = text.plist.xml; path = Info.plist; sourceTree = "<group>"; };
		FADFC2FB206C6BD2000BECFD /* BlogTableViewController.swift */ = {isa = PBXFileReference; lastKnownFileType = sourcecode.swift; path = BlogTableViewController.swift; sourceTree = "<group>"; };
		FADFC2FD206C6C03000BECFD /* FeedParser.swift */ = {isa = PBXFileReference; lastKnownFileType = sourcecode.swift; path = FeedParser.swift; sourceTree = "<group>"; };
		FAF09B63206C762800B74B73 /* AddNoteViewController.swift */ = {isa = PBXFileReference; lastKnownFileType = sourcecode.swift; path = AddNoteViewController.swift; sourceTree = "<group>"; };
/* End PBXFileReference section */

/* Begin PBXFrameworksBuildPhase section */
		FADFC2DC206C5AFC000BECFD /* Frameworks */ = {
			isa = PBXFrameworksBuildPhase;
			buildActionMask = 2147483647;
			files = (
			);
			runOnlyForDeploymentPostprocessing = 0;
		};
/* End PBXFrameworksBuildPhase section */

/* Begin PBXGroup section */
		9F5339F4207C80940074AC50 /* Storyboard */ = {
			isa = PBXGroup;
			children = (
				9F5339F5207C80940074AC50 /* FeedViewController.storyboard */,
			);
			path = Storyboard;
			sourceTree = "<group>";
		};
		9F5339F6207C80940074AC50 /* Common */ = {
			isa = PBXGroup;
			children = (
				9F5339FF207C80AA0074AC50 /* FeedCells.swift */,
			);
			path = Common;
			sourceTree = "<group>";
		};
		9F5339F7207C80940074AC50 /* Module */ = {
			isa = PBXGroup;
			children = (
				9F5339FA207C80940074AC50 /* FeedViewIO.swift */,
				9F5339F8207C80940074AC50 /* FeedPresenter.swift */,
				9F5339F9207C80940074AC50 /* FeedTableViewController.swift */,
			);
			path = Module;
			sourceTree = "<group>";
		};
		FA2D6F3820763518002E3414 /* Initial */ = {
			isa = PBXGroup;
			children = (
				FA2D6F43207636F5002E3414 /* InitialViewIO.swift */,
				FA071B9E206EDA8E00359F13 /* InitialPresenter.swift */,
				FA071B9C206ED9F700359F13 /* InitialViewController.swift */,
				FA2D6F4520763B98002E3414 /* InitialViewController.storyboard */,
			);
			path = Initial;
			sourceTree = "<group>";
		};
		FA2D6F3920763545002E3414 /* Feed */ = {
			isa = PBXGroup;
			children = (
				9F5339F6207C80940074AC50 /* Common */,
				9F5339F7207C80940074AC50 /* Module */,
				9F5339F4207C80940074AC50 /* Storyboard */,
			);
			path = Feed;
			sourceTree = "<group>";
		};
		FA2D6F3A20763567002E3414 /* TabBar */ = {
			isa = PBXGroup;
			children = (
				FA2D6F5320764F7E002E3414 /* TabBarViewIO.swift */,
				2C72C5032073B88500C300B2 /* TabBarViewController.swift */,
				FA2D6F4720763BFA002E3414 /* TabBarViewController.storyboard */,
			);
			path = TabBar;
			sourceTree = "<group>";
		};
		FA2D6F3B2076357F002E3414 /* Blog */ = {
			isa = PBXGroup;
			children = (
				FA2D6F5720764FA7002E3414 /* BlogViewIO.swift */,
				FADFC2FB206C6BD2000BECFD /* BlogTableViewController.swift */,
				FA2D6F4B20763C4B002E3414 /* BlogViewController.storyboard */,
			);
			path = Blog;
			sourceTree = "<group>";
		};
		FA2D6F3C2076358A002E3414 /* Settings */ = {
			isa = PBXGroup;
			children = (
				FA2D6F5B20764FD2002E3414 /* SettingsViewIO.swift */,
				FA2D6F5D2076577E002E3414 /* SettingsPresenter.swift */,
				2C8BB466207424A800711675 /* SettingsTableViewController.swift */,
				FA2D6F4F20763CBE002E3414 /* SettingsViewController.storyboard */,
			);
			path = Settings;
			sourceTree = "<group>";
		};
		FA2D6F3D20763595002E3414 /* AddNote */ = {
			isa = PBXGroup;
			children = (
				FA2D6F5920764FC4002E3414 /* AddNoteViewIO.swift */,
				FAF09B63206C762800B74B73 /* AddNoteViewController.swift */,
				FA2D6F4D20763C8B002E3414 /* AddNoteViewController.storyboard */,
			);
			path = AddNote;
			sourceTree = "<group>";
		};
		FA2D6F3E207635FD002E3414 /* Enteties */ = {
			isa = PBXGroup;
			children = (
				FA8FBA4920713C420029E430 /* ArticleItem.swift */,
			);
			path = Enteties;
			sourceTree = "<group>";
		};
		FA2D6F3F2076360A002E3414 /* Sources */ = {
			isa = PBXGroup;
			children = (
				FA2D6F412076365F002E3414 /* Application */,
				FADFC2F6206C5B47000BECFD /* Core */,
				FADFC2F4206C5B32000BECFD /* Presentation */,
				FA2D6F402076362F002E3414 /* Utilities */,
			);
			path = Sources;
			sourceTree = "<group>";
		};
		FA2D6F402076362F002E3414 /* Utilities */ = {
			isa = PBXGroup;
			children = (
				FADFC2FD206C6C03000BECFD /* FeedParser.swift */,
				FA8FBA4B207147A10029E430 /* URLValidator.swift */,
			);
			path = Utilities;
			sourceTree = "<group>";
		};
		FA2D6F412076365F002E3414 /* Application */ = {
			isa = PBXGroup;
			children = (
				FADFC2E2206C5AFC000BECFD /* AppDelegate.swift */,
			);
			path = Application;
			sourceTree = "<group>";
		};
		FA2D6F422076368D002E3414 /* Resources */ = {
			isa = PBXGroup;
			children = (
				FADFC2EE206C5AFC000BECFD /* Info.plist */,
				FADFC2EB206C5AFC000BECFD /* LaunchScreen.storyboard */,
				FADFC2E9206C5AFC000BECFD /* Assets.xcassets */,
			);
			path = Resources;
			sourceTree = "<group>";
		};
		FADFC2D6206C5AFC000BECFD = {
			isa = PBXGroup;
			children = (
				FADFC2E1206C5AFC000BECFD /* Splash */,
				FADFC2E0206C5AFC000BECFD /* Products */,
			);
			sourceTree = "<group>";
		};
		FADFC2E0206C5AFC000BECFD /* Products */ = {
			isa = PBXGroup;
			children = (
				FADFC2DF206C5AFC000BECFD /* Splash.app */,
			);
			name = Products;
			sourceTree = "<group>";
		};
		FADFC2E1206C5AFC000BECFD /* Splash */ = {
			isa = PBXGroup;
			children = (
				FA2D6F3F2076360A002E3414 /* Sources */,
				FA2D6F422076368D002E3414 /* Resources */,
			);
			path = Splash;
			sourceTree = "<group>";
		};
		FADFC2F4206C5B32000BECFD /* Presentation */ = {
			isa = PBXGroup;
			children = (
				FA2D6F3820763518002E3414 /* Initial */,
				FA2D6F3A20763567002E3414 /* TabBar */,
				FA2D6F3920763545002E3414 /* Feed */,
				FA2D6F3B2076357F002E3414 /* Blog */,
				FA2D6F3D20763595002E3414 /* AddNote */,
				FA2D6F3C2076358A002E3414 /* Settings */,
			);
			path = Presentation;
			sourceTree = "<group>";
		};
		FADFC2F6206C5B47000BECFD /* Core */ = {
			isa = PBXGroup;
			children = (
				FA2D6F3E207635FD002E3414 /* Enteties */,
			);
			path = Core;
			sourceTree = "<group>";
		};
/* End PBXGroup section */

/* Begin PBXNativeTarget section */
		FADFC2DE206C5AFC000BECFD /* Splash */ = {
			isa = PBXNativeTarget;
			buildConfigurationList = FADFC2F1206C5AFC000BECFD /* Build configuration list for PBXNativeTarget "Splash" */;
			buildPhases = (
				FADFC2DB206C5AFC000BECFD /* Sources */,
				FADFC2DC206C5AFC000BECFD /* Frameworks */,
				FADFC2DD206C5AFC000BECFD /* Resources */,
			);
			buildRules = (
			);
			dependencies = (
			);
			name = Splash;
			productName = Splash;
			productReference = FADFC2DF206C5AFC000BECFD /* Splash.app */;
			productType = "com.apple.product-type.application";
		};
/* End PBXNativeTarget section */

/* Begin PBXProject section */
		FADFC2D7206C5AFC000BECFD /* Project object */ = {
			isa = PBXProject;
			attributes = {
				LastSwiftUpdateCheck = 0910;
				LastUpgradeCheck = 0910;
				ORGANIZATIONNAME = ivanglushko;
				TargetAttributes = {
					FADFC2DE206C5AFC000BECFD = {
						CreatedOnToolsVersion = 9.1;
						ProvisioningStyle = Automatic;
					};
				};
			};
			buildConfigurationList = FADFC2DA206C5AFC000BECFD /* Build configuration list for PBXProject "Splash" */;
			compatibilityVersion = "Xcode 8.0";
			developmentRegion = en;
			hasScannedForEncodings = 0;
			knownRegions = (
				en,
				Base,
			);
			mainGroup = FADFC2D6206C5AFC000BECFD;
			productRefGroup = FADFC2E0206C5AFC000BECFD /* Products */;
			projectDirPath = "";
			projectRoot = "";
			targets = (
				FADFC2DE206C5AFC000BECFD /* Splash */,
			);
		};
/* End PBXProject section */

/* Begin PBXResourcesBuildPhase section */
		FADFC2DD206C5AFC000BECFD /* Resources */ = {
			isa = PBXResourcesBuildPhase;
			buildActionMask = 2147483647;
			files = (
				FA2D6F4E20763C8B002E3414 /* AddNoteViewController.storyboard in Resources */,
				FA2D6F4820763BFA002E3414 /* TabBarViewController.storyboard in Resources */,
				FADFC2ED206C5AFC000BECFD /* LaunchScreen.storyboard in Resources */,
				9F5339FB207C80940074AC50 /* FeedViewController.storyboard in Resources */,
				FADFC2EA206C5AFC000BECFD /* Assets.xcassets in Resources */,
				FA2D6F5020763CBE002E3414 /* SettingsViewController.storyboard in Resources */,
				FA2D6F4620763B98002E3414 /* InitialViewController.storyboard in Resources */,
				FA2D6F4C20763C4B002E3414 /* BlogViewController.storyboard in Resources */,
			);
			runOnlyForDeploymentPostprocessing = 0;
		};
/* End PBXResourcesBuildPhase section */

/* Begin PBXSourcesBuildPhase section */
		FADFC2DB206C5AFC000BECFD /* Sources */ = {
			isa = PBXSourcesBuildPhase;
			buildActionMask = 2147483647;
			files = (
				FA2D6F5A20764FC4002E3414 /* AddNoteViewIO.swift in Sources */,
				9F533A00207C80AA0074AC50 /* FeedCells.swift in Sources */,
				FA071B9F206EDA8E00359F13 /* InitialPresenter.swift in Sources */,
				FADFC2E3206C5AFC000BECFD /* AppDelegate.swift in Sources */,
				FA2D6F5820764FA7002E3414 /* BlogViewIO.swift in Sources */,
				FAF09B64206C762800B74B73 /* AddNoteViewController.swift in Sources */,
				FA071B9D206ED9F700359F13 /* InitialViewController.swift in Sources */,
				FA2D6F5E2076577E002E3414 /* SettingsPresenter.swift in Sources */,
				FA8FBA4C207147A10029E430 /* URLValidator.swift in Sources */,
				9F5339FD207C80940074AC50 /* FeedTableViewController.swift in Sources */,
				9F5339FC207C80940074AC50 /* FeedPresenter.swift in Sources */,
				FADFC2FE206C6C03000BECFD /* FeedParser.swift in Sources */,
				2C8BB467207424A800711675 /* SettingsTableViewController.swift in Sources */,
				9F5339FE207C80940074AC50 /* FeedViewIO.swift in Sources */,
				FADFC2FC206C6BD2000BECFD /* BlogTableViewController.swift in Sources */,
				FA2D6F5C20764FD2002E3414 /* SettingsViewIO.swift in Sources */,
				FA2D6F44207636F5002E3414 /* InitialViewIO.swift in Sources */,
				2C72C5042073B88500C300B2 /* TabBarViewController.swift in Sources */,
				FA2D6F5420764F7E002E3414 /* TabBarViewIO.swift in Sources */,
				FA8FBA4A20713C420029E430 /* ArticleItem.swift in Sources */,
			);
			runOnlyForDeploymentPostprocessing = 0;
		};
/* End PBXSourcesBuildPhase section */

/* Begin PBXVariantGroup section */
		FADFC2EB206C5AFC000BECFD /* LaunchScreen.storyboard */ = {
			isa = PBXVariantGroup;
			children = (
				FADFC2EC206C5AFC000BECFD /* Base */,
			);
			name = LaunchScreen.storyboard;
			sourceTree = "<group>";
		};
/* End PBXVariantGroup section */

/* Begin XCBuildConfiguration section */
		FADFC2EF206C5AFC000BECFD /* Debug */ = {
			isa = XCBuildConfiguration;
			buildSettings = {
				ALWAYS_SEARCH_USER_PATHS = NO;
				CLANG_ANALYZER_NONNULL = YES;
				CLANG_ANALYZER_NUMBER_OBJECT_CONVERSION = YES_AGGRESSIVE;
				CLANG_CXX_LANGUAGE_STANDARD = "gnu++14";
				CLANG_CXX_LIBRARY = "libc++";
				CLANG_ENABLE_MODULES = YES;
				CLANG_ENABLE_OBJC_ARC = YES;
				CLANG_WARN_BLOCK_CAPTURE_AUTORELEASING = YES;
				CLANG_WARN_BOOL_CONVERSION = YES;
				CLANG_WARN_COMMA = YES;
				CLANG_WARN_CONSTANT_CONVERSION = YES;
				CLANG_WARN_DIRECT_OBJC_ISA_USAGE = YES_ERROR;
				CLANG_WARN_DOCUMENTATION_COMMENTS = YES;
				CLANG_WARN_EMPTY_BODY = YES;
				CLANG_WARN_ENUM_CONVERSION = YES;
				CLANG_WARN_INFINITE_RECURSION = YES;
				CLANG_WARN_INT_CONVERSION = YES;
				CLANG_WARN_NON_LITERAL_NULL_CONVERSION = YES;
				CLANG_WARN_OBJC_LITERAL_CONVERSION = YES;
				CLANG_WARN_OBJC_ROOT_CLASS = YES_ERROR;
				CLANG_WARN_RANGE_LOOP_ANALYSIS = YES;
				CLANG_WARN_STRICT_PROTOTYPES = YES;
				CLANG_WARN_SUSPICIOUS_MOVE = YES;
				CLANG_WARN_UNGUARDED_AVAILABILITY = YES_AGGRESSIVE;
				CLANG_WARN_UNREACHABLE_CODE = YES;
				CLANG_WARN__DUPLICATE_METHOD_MATCH = YES;
				CODE_SIGN_IDENTITY = "iPhone Developer";
				COPY_PHASE_STRIP = NO;
				DEBUG_INFORMATION_FORMAT = dwarf;
				ENABLE_STRICT_OBJC_MSGSEND = YES;
				ENABLE_TESTABILITY = YES;
				GCC_C_LANGUAGE_STANDARD = gnu11;
				GCC_DYNAMIC_NO_PIC = NO;
				GCC_NO_COMMON_BLOCKS = YES;
				GCC_OPTIMIZATION_LEVEL = 0;
				GCC_PREPROCESSOR_DEFINITIONS = (
					"DEBUG=1",
					"$(inherited)",
				);
				GCC_WARN_64_TO_32_BIT_CONVERSION = YES;
				GCC_WARN_ABOUT_RETURN_TYPE = YES_ERROR;
				GCC_WARN_UNDECLARED_SELECTOR = YES;
				GCC_WARN_UNINITIALIZED_AUTOS = YES_AGGRESSIVE;
				GCC_WARN_UNUSED_FUNCTION = YES;
				GCC_WARN_UNUSED_VARIABLE = YES;
				IPHONEOS_DEPLOYMENT_TARGET = 10.0;
				MTL_ENABLE_DEBUG_INFO = YES;
				ONLY_ACTIVE_ARCH = YES;
				SDKROOT = iphoneos;
				SWIFT_ACTIVE_COMPILATION_CONDITIONS = DEBUG;
				SWIFT_OPTIMIZATION_LEVEL = "-Onone";
			};
			name = Debug;
		};
		FADFC2F0206C5AFC000BECFD /* Release */ = {
			isa = XCBuildConfiguration;
			buildSettings = {
				ALWAYS_SEARCH_USER_PATHS = NO;
				CLANG_ANALYZER_NONNULL = YES;
				CLANG_ANALYZER_NUMBER_OBJECT_CONVERSION = YES_AGGRESSIVE;
				CLANG_CXX_LANGUAGE_STANDARD = "gnu++14";
				CLANG_CXX_LIBRARY = "libc++";
				CLANG_ENABLE_MODULES = YES;
				CLANG_ENABLE_OBJC_ARC = YES;
				CLANG_WARN_BLOCK_CAPTURE_AUTORELEASING = YES;
				CLANG_WARN_BOOL_CONVERSION = YES;
				CLANG_WARN_COMMA = YES;
				CLANG_WARN_CONSTANT_CONVERSION = YES;
				CLANG_WARN_DIRECT_OBJC_ISA_USAGE = YES_ERROR;
				CLANG_WARN_DOCUMENTATION_COMMENTS = YES;
				CLANG_WARN_EMPTY_BODY = YES;
				CLANG_WARN_ENUM_CONVERSION = YES;
				CLANG_WARN_INFINITE_RECURSION = YES;
				CLANG_WARN_INT_CONVERSION = YES;
				CLANG_WARN_NON_LITERAL_NULL_CONVERSION = YES;
				CLANG_WARN_OBJC_LITERAL_CONVERSION = YES;
				CLANG_WARN_OBJC_ROOT_CLASS = YES_ERROR;
				CLANG_WARN_RANGE_LOOP_ANALYSIS = YES;
				CLANG_WARN_STRICT_PROTOTYPES = YES;
				CLANG_WARN_SUSPICIOUS_MOVE = YES;
				CLANG_WARN_UNGUARDED_AVAILABILITY = YES_AGGRESSIVE;
				CLANG_WARN_UNREACHABLE_CODE = YES;
				CLANG_WARN__DUPLICATE_METHOD_MATCH = YES;
				CODE_SIGN_IDENTITY = "iPhone Developer";
				COPY_PHASE_STRIP = NO;
				DEBUG_INFORMATION_FORMAT = "dwarf-with-dsym";
				ENABLE_NS_ASSERTIONS = NO;
				ENABLE_STRICT_OBJC_MSGSEND = YES;
				GCC_C_LANGUAGE_STANDARD = gnu11;
				GCC_NO_COMMON_BLOCKS = YES;
				GCC_WARN_64_TO_32_BIT_CONVERSION = YES;
				GCC_WARN_ABOUT_RETURN_TYPE = YES_ERROR;
				GCC_WARN_UNDECLARED_SELECTOR = YES;
				GCC_WARN_UNINITIALIZED_AUTOS = YES_AGGRESSIVE;
				GCC_WARN_UNUSED_FUNCTION = YES;
				GCC_WARN_UNUSED_VARIABLE = YES;
				IPHONEOS_DEPLOYMENT_TARGET = 10.0;
				MTL_ENABLE_DEBUG_INFO = NO;
				SDKROOT = iphoneos;
				SWIFT_OPTIMIZATION_LEVEL = "-Owholemodule";
				VALIDATE_PRODUCT = YES;
			};
			name = Release;
		};
		FADFC2F2206C5AFC000BECFD /* Debug */ = {
			isa = XCBuildConfiguration;
			buildSettings = {
				ASSETCATALOG_COMPILER_APPICON_NAME = AppIcon;
				CODE_SIGN_STYLE = Automatic;
				DEVELOPMENT_TEAM = 3G6AM7ANU9;
				INFOPLIST_FILE = "$(SRCROOT)/Splash/Resources/Info.plist";
				IPHONEOS_DEPLOYMENT_TARGET = 10.0;
				LD_RUNPATH_SEARCH_PATHS = "$(inherited) @executable_path/Frameworks";
				PRODUCT_BUNDLE_IDENTIFIER = ivanglushko.Splash;
				PRODUCT_NAME = "$(TARGET_NAME)";
				SWIFT_VERSION = 4.0;
				TARGETED_DEVICE_FAMILY = 1;
			};
			name = Debug;
		};
		FADFC2F3206C5AFC000BECFD /* Release */ = {
			isa = XCBuildConfiguration;
			buildSettings = {
				ASSETCATALOG_COMPILER_APPICON_NAME = AppIcon;
				CODE_SIGN_STYLE = Automatic;
				DEVELOPMENT_TEAM = 3G6AM7ANU9;
				INFOPLIST_FILE = "$(SRCROOT)/Splash/Resources/Info.plist";
				IPHONEOS_DEPLOYMENT_TARGET = 10.0;
				LD_RUNPATH_SEARCH_PATHS = "$(inherited) @executable_path/Frameworks";
				PRODUCT_BUNDLE_IDENTIFIER = ivanglushko.Splash;
				PRODUCT_NAME = "$(TARGET_NAME)";
				SWIFT_VERSION = 4.0;
				TARGETED_DEVICE_FAMILY = 1;
			};
			name = Release;
		};
/* End XCBuildConfiguration section */

/* Begin XCConfigurationList section */
		FADFC2DA206C5AFC000BECFD /* Build configuration list for PBXProject "Splash" */ = {
			isa = XCConfigurationList;
			buildConfigurations = (
				FADFC2EF206C5AFC000BECFD /* Debug */,
				FADFC2F0206C5AFC000BECFD /* Release */,
			);
			defaultConfigurationIsVisible = 0;
			defaultConfigurationName = Release;
		};
		FADFC2F1206C5AFC000BECFD /* Build configuration list for PBXNativeTarget "Splash" */ = {
			isa = XCConfigurationList;
			buildConfigurations = (
				FADFC2F2206C5AFC000BECFD /* Debug */,
				FADFC2F3206C5AFC000BECFD /* Release */,
			);
			defaultConfigurationIsVisible = 0;
			defaultConfigurationName = Release;
		};
/* End XCConfigurationList section */
	};
	rootObject = FADFC2D7206C5AFC000BECFD /* Project object */;
}
